
Microsoft Visual Studio Solution File, Format Version 12.00
# Visual Studio for Mac
Project("{FAE04EC0-301F-11D3-BF4B-00C04F79EFBC}") = "Assembly-CSharp", "Assembly-CSharp.csproj", "{610DA9AB-107C-323E-65E1-4F2357DCE056}"
EndProject
Project("{FAE04EC0-301F-11D3-BF4B-00C04F79EFBC}") = "Assembly-CSharp-Editor", "Assembly-CSharp-Editor.csproj", "{F1766288-48A3-D59D-3722-B09C90B62142}"
EndProject
Global
	GlobalSection(SolutionConfigurationPlatforms) = preSolution
		Debug|Any CPU = Debug|Any CPU
		Release|Any CPU = Release|Any CPU
	EndGlobalSection
	GlobalSection(ProjectConfigurationPlatforms) = postSolution
		{610DA9AB-107C-323E-65E1-4F2357DCE056}.Debug|Any CPU.ActiveCfg = Debug|Any CPU
		{610DA9AB-107C-323E-65E1-4F2357DCE056}.Debug|Any CPU.Build.0 = Debug|Any CPU
		{610DA9AB-107C-323E-65E1-4F2357DCE056}.Release|Any CPU.ActiveCfg = Release|Any CPU
		{610DA9AB-107C-323E-65E1-4F2357DCE056}.Release|Any CPU.Build.0 = Release|Any CPU
		{F1766288-48A3-D59D-3722-B09C90B62142}.Debug|Any CPU.ActiveCfg = Debug|Any CPU
		{F1766288-48A3-D59D-3722-B09C90B62142}.Debug|Any CPU.Build.0 = Debug|Any CPU
		{F1766288-48A3-D59D-3722-B09C90B62142}.Release|Any CPU.ActiveCfg = Release|Any CPU
		{F1766288-48A3-D59D-3722-B09C90B62142}.Release|Any CPU.Build.0 = Release|Any CPU
	EndGlobalSection
	GlobalSection(SolutionProperties) = preSolution
		HideSolutionNode = FALSE
	EndGlobalSection
EndGlobal
