
Microsoft Visual Studio Solution File, Format Version 12.00
# Visual Studio for Mac
Project("{FAE04EC0-301F-11D3-BF4B-00C04F79EFBC}") = "Assembly-CSharp", "Assembly-CSharp.csproj", "{5DD4F6CB-7747-AC87-54E6-A42E656DF023}"
EndProject
Project("{FAE04EC0-301F-11D3-BF4B-00C04F79EFBC}") = "Assembly-CSharp-Editor", "Assembly-CSharp-Editor.csproj", "{24EED933-2943-A555-0094-B7B0D259D067}"
EndProject
Global
	GlobalSection(SolutionConfigurationPlatforms) = preSolution
		Debug|Any CPU = Debug|Any CPU
		Release|Any CPU = Release|Any CPU
	EndGlobalSection
	GlobalSection(ProjectConfigurationPlatforms) = postSolution
		{5DD4F6CB-7747-AC87-54E6-A42E656DF023}.Debug|Any CPU.ActiveCfg = Debug|Any CPU
		{5DD4F6CB-7747-AC87-54E6-A42E656DF023}.Debug|Any CPU.Build.0 = Debug|Any CPU
		{5DD4F6CB-7747-AC87-54E6-A42E656DF023}.Release|Any CPU.ActiveCfg = Release|Any CPU
		{5DD4F6CB-7747-AC87-54E6-A42E656DF023}.Release|Any CPU.Build.0 = Release|Any CPU
		{24EED933-2943-A555-0094-B7B0D259D067}.Debug|Any CPU.ActiveCfg = Debug|Any CPU
		{24EED933-2943-A555-0094-B7B0D259D067}.Debug|Any CPU.Build.0 = Debug|Any CPU
		{24EED933-2943-A555-0094-B7B0D259D067}.Release|Any CPU.ActiveCfg = Release|Any CPU
		{24EED933-2943-A555-0094-B7B0D259D067}.Release|Any CPU.Build.0 = Release|Any CPU
	EndGlobalSection
	GlobalSection(SolutionProperties) = preSolution
		HideSolutionNode = FALSE
	EndGlobalSection
EndGlobal
